
Microsoft Visual Studio Solution File, Format Version 12.00
# Visual Studio Version 17
VisualStudioVersion = 17.10.35122.118
MinimumVisualStudioVersion = 10.0.40219.1
Project("{FAE04EC0-301F-11D3-BF4B-00C04F79EFBC}") = "TrabalhoBusca", "TrabalhoBusca.csproj", "{9414D6DA-D515-44CA-94C1-02B71FE7FE61}"
EndProject
Global
	GlobalSection(SolutionConfigurationPlatforms) = preSolution
		Debug|Any CPU = Debug|Any CPU
		Release|Any CPU = Release|Any CPU
	EndGlobalSection
	GlobalSection(ProjectConfigurationPlatforms) = postSolution
		{9414D6DA-D515-44CA-94C1-02B71FE7FE61}.Debug|Any CPU.ActiveCfg = Debug|Any CPU
		{9414D6DA-D515-44CA-94C1-02B71FE7FE61}.Debug|Any CPU.Build.0 = Debug|Any CPU
		{9414D6DA-D515-44CA-94C1-02B71FE7FE61}.Release|Any CPU.ActiveCfg = Release|Any CPU
		{9414D6DA-D515-44CA-94C1-02B71FE7FE61}.Release|Any CPU.Build.0 = Release|Any CPU
	EndGlobalSection
	GlobalSection(SolutionProperties) = preSolution
		HideSolutionNode = FALSE
	EndGlobalSection
	GlobalSection(ExtensibilityGlobals) = postSolution
		SolutionGuid = {E4330C39-BD29-486F-9B8E-6AAD9B5F96B4}
	EndGlobalSection
EndGlobal
